
Microsoft Visual Studio Solution File, Format Version 12.00
# Visual Studio Version 17
VisualStudioVersion = 17.8.34309.116
MinimumVisualStudioVersion = 10.0.40219.1
Project("{9A19103F-16F7-4668-BE54-9A1E7A4F7556}") = "CreditCardValidator", "CreditCardValidator\CreditCardValidator.csproj", "{495D4672-F9F6-4049-BB1E-44D576A61228}"
EndProject
Project("{FAE04EC0-301F-11D3-BF4B-00C04F79EFBC}") = "CreditCardValidator.Tests", "CreditCardValidator.Tests\CreditCardValidator.Tests.csproj", "{3D103BB1-8333-4BD1-96CE-6FEE4D985D26}"
EndProject
Global
	GlobalSection(SolutionConfigurationPlatforms) = preSolution
		Debug|Any CPU = Debug|Any CPU
		Release|Any CPU = Release|Any CPU
	EndGlobalSection
	GlobalSection(ProjectConfigurationPlatforms) = postSolution
		{495D4672-F9F6-4049-BB1E-44D576A61228}.Debug|Any CPU.ActiveCfg = Debug|Any CPU
		{495D4672-F9F6-4049-BB1E-44D576A61228}.Debug|Any CPU.Build.0 = Debug|Any CPU
		{495D4672-F9F6-4049-BB1E-44D576A61228}.Release|Any CPU.ActiveCfg = Release|Any CPU
		{495D4672-F9F6-4049-BB1E-44D576A61228}.Release|Any CPU.Build.0 = Release|Any CPU
		{3D103BB1-8333-4BD1-96CE-6FEE4D985D26}.Debug|Any CPU.ActiveCfg = Debug|Any CPU
		{3D103BB1-8333-4BD1-96CE-6FEE4D985D26}.Debug|Any CPU.Build.0 = Debug|Any CPU
		{3D103BB1-8333-4BD1-96CE-6FEE4D985D26}.Release|Any CPU.ActiveCfg = Release|Any CPU
		{3D103BB1-8333-4BD1-96CE-6FEE4D985D26}.Release|Any CPU.Build.0 = Release|Any CPU
	EndGlobalSection
	GlobalSection(SolutionProperties) = preSolution
		HideSolutionNode = FALSE
	EndGlobalSection
	GlobalSection(ExtensibilityGlobals) = postSolution
		SolutionGuid = {E1954686-D0B0-42C1-A5E6-195A0E6F6852}
	EndGlobalSection
EndGlobal
